# Generated by ReqSnap
# Date: 2026-03-28T12:19:13.430562
# Python: 3.10.20
# Source: requirements.txt

fastapi==0.135.2
googletrans==4.0.0rc1
gtts==2.5.4
httpx==0.28.1
numpy==2.2.6
openai==2.24.0
openai-whisper==20250625
pyaudio==0.2.14
python-dotenv==1.2.2
python-multipart==0.0.22
reqsnap==1.0.0
scipy==1.15.3
sounddevice==0.5.5
torch==2.11.0
uvicorn==0.42.0
websockets==16.0
